// !$*UTF8*$!
{
	archiveVersion = 1;
	classes = {
	};
	objectVersion = 46;
	objects = {

/* Begin PBXBuildFile section */
		0FCAFCDD1EB3942600FDCC64 /* AppDelegate.swift in Sources */ = {isa = PBXBuildFile; fileRef = 0FCAFCDC1EB3942600FDCC64 /* AppDelegate.swift */; };
		0FCAFCDF1EB3942600FDCC64 /* ViewController.swift in Sources */ = {isa = PBXBuildFile; fileRef = 0FCAFCDE1EB3942600FDCC64 /* ViewController.swift */; };
		0FCAFCE21EB3942600FDCC64 /* Main.storyboard in Resources */ = {isa = PBXBuildFile; fileRef = 0FCAFCE01EB3942600FDCC64 /* Main.storyboard */; };
		0FCAFCE41EB3942600FDCC64 /* Assets.xcassets in Resources */ = {isa = PBXBuildFile; fileRef = 0FCAFCE31EB3942600FDCC64 /* Assets.xcassets */; };
		0FCAFCE71EB3942600FDCC64 /* LaunchScreen.storyboard in Resources */ = {isa = PBXBuildFile; fileRef = 0FCAFCE51EB3942600FDCC64 /* LaunchScreen.storyboard */; };
		0FCAFCF21EB3942600FDCC64 /* PlistManagerTutorialTests.swift in Sources */ = {isa = PBXBuildFile; fileRef = 0FCAFCF11EB3942600FDCC64 /* PlistManagerTutorialTests.swift */; };
		0FCAFCFD1EB3942600FDCC64 /* PlistManagerTutorialUITests.swift in Sources */ = {isa = PBXBuildFile; fileRef = 0FCAFCFC1EB3942600FDCC64 /* PlistManagerTutorialUITests.swift */; };
		0FCAFD0B1EB39B4400FDCC64 /* Data.plist in Resources */ = {isa = PBXBuildFile; fileRef = 0FCAFD0A1EB39B4400FDCC64 /* Data.plist */; };
		0FCAFD0D1EB39B5D00FDCC64 /* OtherData.plist in Resources */ = {isa = PBXBuildFile; fileRef = 0FCAFD0C1EB39B5D00FDCC64 /* OtherData.plist */; };
		6EEE8097BC934C2A4783B4F5 /* Pods_PlistManagerTutorial.framework in Frameworks */ = {isa = PBXBuildFile; fileRef = 458F6F6700FE4E23C7A3952C /* Pods_PlistManagerTutorial.framework */; };
/* End PBXBuildFile section */

/* Begin PBXContainerItemProxy section */
		0FCAFCEE1EB3942600FDCC64 /* PBXContainerItemProxy */ = {
			isa = PBXContainerItemProxy;
			containerPortal = 0FCAFCD11EB3942600FDCC64 /* Project object */;
			proxyType = 1;
			remoteGlobalIDString = 0FCAFCD81EB3942600FDCC64;
			remoteInfo = PlistManagerTutorial;
		};
		0FCAFCF91EB3942600FDCC64 /* PBXContainerItemProxy */ = {
			isa = PBXContainerItemProxy;
			containerPortal = 0FCAFCD11EB3942600FDCC64 /* Project object */;
			proxyType = 1;
			remoteGlobalIDString = 0FCAFCD81EB3942600FDCC64;
			remoteInfo = PlistManagerTutorial;
		};
/* End PBXContainerItemProxy section */

/* Begin PBXFileReference section */
		0FCAFCD91EB3942600FDCC64 /* PlistManagerTutorial.app */ = {isa = PBXFileReference; explicitFileType = wrapper.application; includeInIndex = 0; path = PlistManagerTutorial.app; sourceTree = BUILT_PRODUCTS_DIR; };
		0FCAFCDC1EB3942600FDCC64 /* AppDelegate.swift */ = {isa = PBXFileReference; lastKnownFileType = sourcecode.swift; path = AppDelegate.swift; sourceTree = "<group>"; };
		0FCAFCDE1EB3942600FDCC64 /* ViewController.swift */ = {isa = PBXFileReference; lastKnownFileType = sourcecode.swift; path = ViewController.swift; sourceTree = "<group>"; };
		0FCAFCE11EB3942600FDCC64 /* Base */ = {isa = PBXFileReference; lastKnownFileType = file.storyboard; name = Base; path = Base.lproj/Main.storyboard; sourceTree = "<group>"; };
		0FCAFCE31EB3942600FDCC64 /* Assets.xcassets */ = {isa = PBXFileReference; lastKnownFileType = folder.assetcatalog; path = Assets.xcassets; sourceTree = "<group>"; };
		0FCAFCE61EB3942600FDCC64 /* Base */ = {isa = PBXFileReference; lastKnownFileType = file.storyboard; name = Base; path = Base.lproj/LaunchScreen.storyboard; sourceTree = "<group>"; };
		0FCAFCE81EB3942600FDCC64 /* Info.plist */ = {isa = PBXFileReference; lastKnownFileType = text.plist.xml; path = Info.plist; sourceTree = "<group>"; };
		0FCAFCED1EB3942600FDCC64 /* PlistManagerTutorialTests.xctest */ = {isa = PBXFileReference; explicitFileType = wrapper.cfbundle; includeInIndex = 0; path = PlistManagerTutorialTests.xctest; sourceTree = BUILT_PRODUCTS_DIR; };
		0FCAFCF11EB3942600FDCC64 /* PlistManagerTutorialTests.swift */ = {isa = PBXFileReference; lastKnownFileType = sourcecode.swift; path = PlistManagerTutorialTests.swift; sourceTree = "<group>"; };
		0FCAFCF31EB3942600FDCC64 /* Info.plist */ = {isa = PBXFileReference; lastKnownFileType = text.plist.xml; path = Info.plist; sourceTree = "<group>"; };
		0FCAFCF81EB3942600FDCC64 /* PlistManagerTutorialUITests.xctest */ = {isa = PBXFileReference; explicitFileType = wrapper.cfbundle; includeInIndex = 0; path = PlistManagerTutorialUITests.xctest; sourceTree = BUILT_PRODUCTS_DIR; };
		0FCAFCFC1EB3942600FDCC64 /* PlistManagerTutorialUITests.swift */ = {isa = PBXFileReference; lastKnownFileType = sourcecode.swift; path = PlistManagerTutorialUITests.swift; sourceTree = "<group>"; };
		0FCAFCFE1EB3942600FDCC64 /* Info.plist */ = {isa = PBXFileReference; lastKnownFileType = text.plist.xml; path = Info.plist; sourceTree = "<group>"; };
		0FCAFD0A1EB39B4400FDCC64 /* Data.plist */ = {isa = PBXFileReference; fileEncoding = 4; lastKnownFileType = text.plist.xml; name = Data.plist; path = ../Data.plist; sourceTree = "<group>"; };
		0FCAFD0C1EB39B5D00FDCC64 /* OtherData.plist */ = {isa = PBXFileReference; fileEncoding = 4; lastKnownFileType = text.plist.xml; name = OtherData.plist; path = ../OtherData.plist; sourceTree = "<group>"; };
		458F6F6700FE4E23C7A3952C /* Pods_PlistManagerTutorial.framework */ = {isa = PBXFileReference; explicitFileType = wrapper.framework; includeInIndex = 0; path = Pods_PlistManagerTutorial.framework; sourceTree = BUILT_PRODUCTS_DIR; };
		691CFCC42B8C20554F1DE8EC /* Pods-PlistManagerTutorial.debug.xcconfig */ = {isa = PBXFileReference; includeInIndex = 1; lastKnownFileType = text.xcconfig; name = "Pods-PlistManagerTutorial.debug.xcconfig"; path = "Pods/Target Support Files/Pods-PlistManagerTutorial/Pods-PlistManagerTutorial.debug.xcconfig"; sourceTree = "<group>"; };
		8FC481D09A65B78F51221E78 /* Pods-PlistManagerTutorial.release.xcconfig */ = {isa = PBXFileReference; includeInIndex = 1; lastKnownFileType = text.xcconfig; name = "Pods-PlistManagerTutorial.release.xcconfig"; path = "Pods/Target Support Files/Pods-PlistManagerTutorial/Pods-PlistManagerTutorial.release.xcconfig"; sourceTree = "<group>"; };
/* End PBXFileReference section */

/* Begin PBXFrameworksBuildPhase section */
		0FCAFCD61EB3942600FDCC64 /* Frameworks */ = {
			isa = PBXFrameworksBuildPhase;
			buildActionMask = 2147483647;
			files = (
				6EEE8097BC934C2A4783B4F5 /* Pods_PlistManagerTutorial.framework in Frameworks */,
			);
			runOnlyForDeploymentPostprocessing = 0;
		};
		0FCAFCEA1EB3942600FDCC64 /* Frameworks */ = {
			isa = PBXFrameworksBuildPhase;
			buildActionMask = 2147483647;
			files = (
			);
			runOnlyForDeploymentPostprocessing = 0;
		};
		0FCAFCF51EB3942600FDCC64 /* Frameworks */ = {
			isa = PBXFrameworksBuildPhase;
			buildActionMask = 2147483647;
			files = (
			);
			runOnlyForDeploymentPostprocessing = 0;
		};
/* End PBXFrameworksBuildPhase section */

/* Begin PBXGroup section */
		0FCAFCD01EB3942600FDCC64 = {
			isa = PBXGroup;
			children = (
				0FCAFCDB1EB3942600FDCC64 /* PlistManagerTutorial */,
				0FCAFCF01EB3942600FDCC64 /* PlistManagerTutorialTests */,
				0FCAFCFB1EB3942600FDCC64 /* PlistManagerTutorialUITests */,
				0FCAFCDA1EB3942600FDCC64 /* Products */,
				3100BDB6DCF5945C16C6A917 /* Pods */,
				41CF348C6CC18BE3F0733CA8 /* Frameworks */,
			);
			sourceTree = "<group>";
		};
		0FCAFCDA1EB3942600FDCC64 /* Products */ = {
			isa = PBXGroup;
			children = (
				0FCAFCD91EB3942600FDCC64 /* PlistManagerTutorial.app */,
				0FCAFCED1EB3942600FDCC64 /* PlistManagerTutorialTests.xctest */,
				0FCAFCF81EB3942600FDCC64 /* PlistManagerTutorialUITests.xctest */,
			);
			name = Products;
			sourceTree = "<group>";
		};
		0FCAFCDB1EB3942600FDCC64 /* PlistManagerTutorial */ = {
			isa = PBXGroup;
			children = (
				0FCAFD0A1EB39B4400FDCC64 /* Data.plist */,
				0FCAFD0C1EB39B5D00FDCC64 /* OtherData.plist */,
				0FCAFCDC1EB3942600FDCC64 /* AppDelegate.swift */,
				0FCAFCDE1EB3942600FDCC64 /* ViewController.swift */,
				0FCAFCE01EB3942600FDCC64 /* Main.storyboard */,
				0FCAFCE31EB3942600FDCC64 /* Assets.xcassets */,
				0FCAFCE51EB3942600FDCC64 /* LaunchScreen.storyboard */,
				0FCAFCE81EB3942600FDCC64 /* Info.plist */,
			);
			path = PlistManagerTutorial;
			sourceTree = "<group>";
		};
		0FCAFCF01EB3942600FDCC64 /* PlistManagerTutorialTests */ = {
			isa = PBXGroup;
			children = (
				0FCAFCF11EB3942600FDCC64 /* PlistManagerTutorialTests.swift */,
				0FCAFCF31EB3942600FDCC64 /* Info.plist */,
			);
			path = PlistManagerTutorialTests;
			sourceTree = "<group>";
		};
		0FCAFCFB1EB3942600FDCC64 /* PlistManagerTutorialUITests */ = {
			isa = PBXGroup;
			children = (
				0FCAFCFC1EB3942600FDCC64 /* PlistManagerTutorialUITests.swift */,
				0FCAFCFE1EB3942600FDCC64 /* Info.plist */,
			);
			path = PlistManagerTutorialUITests;
			sourceTree = "<group>";
		};
		3100BDB6DCF5945C16C6A917 /* Pods */ = {
			isa = PBXGroup;
			children = (
				691CFCC42B8C20554F1DE8EC /* Pods-PlistManagerTutorial.debug.xcconfig */,
				8FC481D09A65B78F51221E78 /* Pods-PlistManagerTutorial.release.xcconfig */,
			);
			name = Pods;
			sourceTree = "<group>";
		};
		41CF348C6CC18BE3F0733CA8 /* Frameworks */ = {
			isa = PBXGroup;
			children = (
				458F6F6700FE4E23C7A3952C /* Pods_PlistManagerTutorial.framework */,
			);
			name = Frameworks;
			sourceTree = "<group>";
		};
/* End PBXGroup section */

/* Begin PBXNativeTarget section */
		0FCAFCD81EB3942600FDCC64 /* PlistManagerTutorial */ = {
			isa = PBXNativeTarget;
			buildConfigurationList = 0FCAFD011EB3942600FDCC64 /* Build configuration list for PBXNativeTarget "PlistManagerTutorial" */;
			buildPhases = (
				2F9631A058D25E8830BA700E /* [CP] Check Pods Manifest.lock */,
				0FCAFCD51EB3942600FDCC64 /* Sources */,
				0FCAFCD61EB3942600FDCC64 /* Frameworks */,
				0FCAFCD71EB3942600FDCC64 /* Resources */,
				BB09C8182F90AA66D768CE64 /* [CP] Embed Pods Frameworks */,
				8790A4253958219FA9E1774E /* [CP] Copy Pods Resources */,
			);
			buildRules = (
			);
			dependencies = (
			);
			name = PlistManagerTutorial;
			productName = PlistManagerTutorial;
			productReference = 0FCAFCD91EB3942600FDCC64 /* PlistManagerTutorial.app */;
			productType = "com.apple.product-type.application";
		};
		0FCAFCEC1EB3942600FDCC64 /* PlistManagerTutorialTests */ = {
			isa = PBXNativeTarget;
			buildConfigurationList = 0FCAFD041EB3942600FDCC64 /* Build configuration list for PBXNativeTarget "PlistManagerTutorialTests" */;
			buildPhases = (
				0FCAFCE91EB3942600FDCC64 /* Sources */,
				0FCAFCEA1EB3942600FDCC64 /* Frameworks */,
				0FCAFCEB1EB3942600FDCC64 /* Resources */,
			);
			buildRules = (
			);
			dependencies = (
				0FCAFCEF1EB3942600FDCC64 /* PBXTargetDependency */,
			);
			name = PlistManagerTutorialTests;
			productName = PlistManagerTutorialTests;
			productReference = 0FCAFCED1EB3942600FDCC64 /* PlistManagerTutorialTests.xctest */;
			productType = "com.apple.product-type.bundle.unit-test";
		};
		0FCAFCF71EB3942600FDCC64 /* PlistManagerTutorialUITests */ = {
			isa = PBXNativeTarget;
			buildConfigurationList = 0FCAFD071EB3942600FDCC64 /* Build configuration list for PBXNativeTarget "PlistManagerTutorialUITests" */;
			buildPhases = (
				0FCAFCF41EB3942600FDCC64 /* Sources */,
				0FCAFCF51EB3942600FDCC64 /* Frameworks */,
				0FCAFCF61EB3942600FDCC64 /* Resources */,
			);
			buildRules = (
			);
			dependencies = (
				0FCAFCFA1EB3942600FDCC64 /* PBXTargetDependency */,
			);
			name = PlistManagerTutorialUITests;
			productName = PlistManagerTutorialUITests;
			productReference = 0FCAFCF81EB3942600FDCC64 /* PlistManagerTutorialUITests.xctest */;
			productType = "com.apple.product-type.bundle.ui-testing";
		};
/* End PBXNativeTarget section */

/* Begin PBXProject section */
		0FCAFCD11EB3942600FDCC64 /* Project object */ = {
			isa = PBXProject;
			attributes = {
				LastSwiftUpdateCheck = 0830;
				LastUpgradeCheck = 0830;
				ORGANIZATIONNAME = "Tula Ram Subba";
				TargetAttributes = {
					0FCAFCD81EB3942600FDCC64 = {
						CreatedOnToolsVersion = 8.3.2;
						DevelopmentTeam = S3725VKX58;
						ProvisioningStyle = Automatic;
					};
					0FCAFCEC1EB3942600FDCC64 = {
						CreatedOnToolsVersion = 8.3.2;
						DevelopmentTeam = EHS7PH589P;
						ProvisioningStyle = Automatic;
						TestTargetID = 0FCAFCD81EB3942600FDCC64;
					};
					0FCAFCF71EB3942600FDCC64 = {
						CreatedOnToolsVersion = 8.3.2;
						DevelopmentTeam = EHS7PH589P;
						ProvisioningStyle = Automatic;
						TestTargetID = 0FCAFCD81EB3942600FDCC64;
					};
				};
			};
			buildConfigurationList = 0FCAFCD41EB3942600FDCC64 /* Build configuration list for PBXProject "PlistManagerTutorial" */;
			compatibilityVersion = "Xcode 3.2";
			developmentRegion = English;
			hasScannedForEncodings = 0;
			knownRegions = (
				en,
				Base,
			);
			mainGroup = 0FCAFCD01EB3942600FDCC64;
			productRefGroup = 0FCAFCDA1EB3942600FDCC64 /* Products */;
			projectDirPath = "";
			projectRoot = "";
			targets = (
				0FCAFCD81EB3942600FDCC64 /* PlistManagerTutorial */,
				0FCAFCEC1EB3942600FDCC64 /* PlistManagerTutorialTests */,
				0FCAFCF71EB3942600FDCC64 /* PlistManagerTutorialUITests */,
			);
		};
/* End PBXProject section */

/* Begin PBXResourcesBuildPhase section */
		0FCAFCD71EB3942600FDCC64 /* Resources */ = {
			isa = PBXResourcesBuildPhase;
			buildActionMask = 2147483647;
			files = (
				0FCAFCE71EB3942600FDCC64 /* LaunchScreen.storyboard in Resources */,
				0FCAFD0D1EB39B5D00FDCC64 /* OtherData.plist in Resources */,
				0FCAFCE41EB3942600FDCC64 /* Assets.xcassets in Resources */,
				0FCAFD0B1EB39B4400FDCC64 /* Data.plist in Resources */,
				0FCAFCE21EB3942600FDCC64 /* Main.storyboard in Resources */,
			);
			runOnlyForDeploymentPostprocessing = 0;
		};
		0FCAFCEB1EB3942600FDCC64 /* Resources */ = {
			isa = PBXResourcesBuildPhase;
			buildActionMask = 2147483647;
			files = (
			);
			runOnlyForDeploymentPostprocessing = 0;
		};
		0FCAFCF61EB3942600FDCC64 /* Resources */ = {
			isa = PBXResourcesBuildPhase;
			buildActionMask = 2147483647;
			files = (
			);
			runOnlyForDeploymentPostprocessing = 0;
		};
/* End PBXResourcesBuildPhase section */

/* Begin PBXShellScriptBuildPhase section */
		2F9631A058D25E8830BA700E /* [CP] Check Pods Manifest.lock */ = {
			isa = PBXShellScriptBuildPhase;
			buildActionMask = 2147483647;
			files = (
			);
			inputPaths = (
			);
			name = "[CP] Check Pods Manifest.lock";
			outputPaths = (
			);
			runOnlyForDeploymentPostprocessing = 0;
			shellPath = /bin/sh;
			shellScript = "diff \"${PODS_PODFILE_DIR_PATH}/Podfile.lock\" \"${PODS_ROOT}/Manifest.lock\" > /dev/null\nif [ $? != 0 ] ; then\n    # print error to STDERR\n    echo \"error: The sandbox is not in sync with the Podfile.lock. Run 'pod install' or update your CocoaPods installation.\" >&2\n    exit 1\nfi\n";
			showEnvVarsInLog = 0;
		};
		8790A4253958219FA9E1774E /* [CP] Copy Pods Resources */ = {
			isa = PBXShellScriptBuildPhase;
			buildActionMask = 2147483647;
			files = (
			);
			inputPaths = (
			);
			name = "[CP] Copy Pods Resources";
			outputPaths = (
			);
			runOnlyForDeploymentPostprocessing = 0;
			shellPath = /bin/sh;
			shellScript = "\"${SRCROOT}/Pods/Target Support Files/Pods-PlistManagerTutorial/Pods-PlistManagerTutorial-resources.sh\"\n";
			showEnvVarsInLog = 0;
		};
		BB09C8182F90AA66D768CE64 /* [CP] Embed Pods Frameworks */ = {
			isa = PBXShellScriptBuildPhase;
			buildActionMask = 2147483647;
			files = (
			);
			inputPaths = (
			);
			name = "[CP] Embed Pods Frameworks";
			outputPaths = (
			);
			runOnlyForDeploymentPostprocessing = 0;
			shellPath = /bin/sh;
			shellScript = "\"${SRCROOT}/Pods/Target Support Files/Pods-PlistManagerTutorial/Pods-PlistManagerTutorial-frameworks.sh\"\n";
			showEnvVarsInLog = 0;
		};
/* End PBXShellScriptBuildPhase section */

/* Begin PBXSourcesBuildPhase section */
		0FCAFCD51EB3942600FDCC64 /* Sources */ = {
			isa = PBXSourcesBuildPhase;
			buildActionMask = 2147483647;
			files = (
				0FCAFCDF1EB3942600FDCC64 /* ViewController.swift in Sources */,
				0FCAFCDD1EB3942600FDCC64 /* AppDelegate.swift in Sources */,
			);
			runOnlyForDeploymentPostprocessing = 0;
		};
		0FCAFCE91EB3942600FDCC64 /* Sources */ = {
			isa = PBXSourcesBuildPhase;
			buildActionMask = 2147483647;
			files = (
				0FCAFCF21EB3942600FDCC64 /* PlistManagerTutorialTests.swift in Sources */,
			);
			runOnlyForDeploymentPostprocessing = 0;
		};
		0FCAFCF41EB3942600FDCC64 /* Sources */ = {
			isa = PBXSourcesBuildPhase;
			buildActionMask = 2147483647;
			files = (
				0FCAFCFD1EB3942600FDCC64 /* PlistManagerTutorialUITests.swift in Sources */,
			);
			runOnlyForDeploymentPostprocessing = 0;
		};
/* End PBXSourcesBuildPhase section */

/* Begin PBXTargetDependency section */
		0FCAFCEF1EB3942600FDCC64 /* PBXTargetDependency */ = {
			isa = PBXTargetDependency;
			target = 0FCAFCD81EB3942600FDCC64 /* PlistManagerTutorial */;
			targetProxy = 0FCAFCEE1EB3942600FDCC64 /* PBXContainerItemProxy */;
		};
		0FCAFCFA1EB3942600FDCC64 /* PBXTargetDependency */ = {
			isa = PBXTargetDependency;
			target = 0FCAFCD81EB3942600FDCC64 /* PlistManagerTutorial */;
			targetProxy = 0FCAFCF91EB3942600FDCC64 /* PBXContainerItemProxy */;
		};
/* End PBXTargetDependency section */

/* Begin PBXVariantGroup section */
		0FCAFCE01EB3942600FDCC64 /* Main.storyboard */ = {
			isa = PBXVariantGroup;
			children = (
				0FCAFCE11EB3942600FDCC64 /* Base */,
			);
			name = Main.storyboard;
			sourceTree = "<group>";
		};
		0FCAFCE51EB3942600FDCC64 /* LaunchScreen.storyboard */ = {
			isa = PBXVariantGroup;
			children = (
				0FCAFCE61EB3942600FDCC64 /* Base */,
			);
			name = LaunchScreen.storyboard;
			sourceTree = "<group>";
		};
/* End PBXVariantGroup section */

/* Begin XCBuildConfiguration section */
		0FCAFCFF1EB3942600FDCC64 /* Debug */ = {
			isa = XCBuildConfiguration;
			buildSettings = {
				ALWAYS_SEARCH_USER_PATHS = NO;
				CLANG_ANALYZER_NONNULL = YES;
				CLANG_ANALYZER_NUMBER_OBJECT_CONVERSION = YES_AGGRESSIVE;
				CLANG_CXX_LANGUAGE_STANDARD = "gnu++0x";
				CLANG_CXX_LIBRARY = "libc++";
				CLANG_ENABLE_MODULES = YES;
				CLANG_ENABLE_OBJC_ARC = YES;
				CLANG_WARN_BOOL_CONVERSION = YES;
				CLANG_WARN_CONSTANT_CONVERSION = YES;
				CLANG_WARN_DIRECT_OBJC_ISA_USAGE = YES_ERROR;
				CLANG_WARN_DOCUMENTATION_COMMENTS = YES;
				CLANG_WARN_EMPTY_BODY = YES;
				CLANG_WARN_ENUM_CONVERSION = YES;
				CLANG_WARN_INFINITE_RECURSION = YES;
				CLANG_WARN_INT_CONVERSION = YES;
				CLANG_WARN_OBJC_ROOT_CLASS = YES_ERROR;
				CLANG_WARN_SUSPICIOUS_MOVE = YES;
				CLANG_WARN_UNREACHABLE_CODE = YES;
				CLANG_WARN__DUPLICATE_METHOD_MATCH = YES;
				"CODE_SIGN_IDENTITY[sdk=iphoneos*]" = "iPhone Developer";
				COPY_PHASE_STRIP = NO;
				DEBUG_INFORMATION_FORMAT = dwarf;
				ENABLE_STRICT_OBJC_MSGSEND = YES;
				ENABLE_TESTABILITY = YES;
				GCC_C_LANGUAGE_STANDARD = gnu99;
				GCC_DYNAMIC_NO_PIC = NO;
				GCC_NO_COMMON_BLOCKS = YES;
				GCC_OPTIMIZATION_LEVEL = 0;
				GCC_PREPROCESSOR_DEFINITIONS = (
					"DEBUG=1",
					"$(inherited)",
				);
				GCC_WARN_64_TO_32_BIT_CONVERSION = YES;
				GCC_WARN_ABOUT_RETURN_TYPE = YES_ERROR;
				GCC_WARN_UNDECLARED_SELECTOR = YES;
				GCC_WARN_UNINITIALIZED_AUTOS = YES_AGGRESSIVE;
				GCC_WARN_UNUSED_FUNCTION = YES;
				GCC_WARN_UNUSED_VARIABLE = YES;
				IPHONEOS_DEPLOYMENT_TARGET = 10.3;
				MTL_ENABLE_DEBUG_INFO = YES;
				ONLY_ACTIVE_ARCH = YES;
				SDKROOT = iphoneos;
				SWIFT_ACTIVE_COMPILATION_CONDITIONS = DEBUG;
				SWIFT_OPTIMIZATION_LEVEL = "-Onone";
				TARGETED_DEVICE_FAMILY = "1,2";
			};
			name = Debug;
		};
		0FCAFD001EB3942600FDCC64 /* Release */ = {
			isa = XCBuildConfiguration;
			buildSettings = {
				ALWAYS_SEARCH_USER_PATHS = NO;
				CLANG_ANALYZER_NONNULL = YES;
				CLANG_ANALYZER_NUMBER_OBJECT_CONVERSION = YES_AGGRESSIVE;
				CLANG_CXX_LANGUAGE_STANDARD = "gnu++0x";
				CLANG_CXX_LIBRARY = "libc++";
				CLANG_ENABLE_MODULES = YES;
				CLANG_ENABLE_OBJC_ARC = YES;
				CLANG_WARN_BOOL_CONVERSION = YES;
				CLANG_WARN_CONSTANT_CONVERSION = YES;
				CLANG_WARN_DIRECT_OBJC_ISA_USAGE = YES_ERROR;
				CLANG_WARN_DOCUMENTATION_COMMENTS = YES;
				CLANG_WARN_EMPTY_BODY = YES;
				CLANG_WARN_ENUM_CONVERSION = YES;
				CLANG_WARN_INFINITE_RECURSION = YES;
				CLANG_WARN_INT_CONVERSION = YES;
				CLANG_WARN_OBJC_ROOT_CLASS = YES_ERROR;
				CLANG_WARN_SUSPICIOUS_MOVE = YES;
				CLANG_WARN_UNREACHABLE_CODE = YES;
				CLANG_WARN__DUPLICATE_METHOD_MATCH = YES;
				"CODE_SIGN_IDENTITY[sdk=iphoneos*]" = "iPhone Developer";
				COPY_PHASE_STRIP = NO;
				DEBUG_INFORMATION_FORMAT = "dwarf-with-dsym";
				ENABLE_NS_ASSERTIONS = NO;
				ENABLE_STRICT_OBJC_MSGSEND = YES;
				GCC_C_LANGUAGE_STANDARD = gnu99;
				GCC_NO_COMMON_BLOCKS = YES;
				GCC_WARN_64_TO_32_BIT_CONVERSION = YES;
				GCC_WARN_ABOUT_RETURN_TYPE = YES_ERROR;
				GCC_WARN_UNDECLARED_SELECTOR = YES;
				GCC_WARN_UNINITIALIZED_AUTOS = YES_AGGRESSIVE;
				GCC_WARN_UNUSED_FUNCTION = YES;
				GCC_WARN_UNUSED_VARIABLE = YES;
				IPHONEOS_DEPLOYMENT_TARGET = 10.3;
				MTL_ENABLE_DEBUG_INFO = NO;
				SDKROOT = iphoneos;
				SWIFT_OPTIMIZATION_LEVEL = "-Owholemodule";
				TARGETED_DEVICE_FAMILY = "1,2";
				VALIDATE_PRODUCT = YES;
			};
			name = Release;
		};
		0FCAFD021EB3942600FDCC64 /* Debug */ = {
			isa = XCBuildConfiguration;
			baseConfigurationReference = 691CFCC42B8C20554F1DE8EC /* Pods-PlistManagerTutorial.debug.xcconfig */;
			buildSettings = {
				ASSETCATALOG_COMPILER_APPICON_NAME = AppIcon;
				DEVELOPMENT_TEAM = S3725VKX58;
				INFOPLIST_FILE = PlistManagerTutorial/Info.plist;
				LD_RUNPATH_SEARCH_PATHS = "$(inherited) @executable_path/Frameworks";
				PRODUCT_BUNDLE_IDENTIFIER = co.ios.PlistManagerTutorial;
				PRODUCT_NAME = "$(TARGET_NAME)";
				SWIFT_VERSION = 3.0;
			};
			name = Debug;
		};
		0FCAFD031EB3942600FDCC64 /* Release */ = {
			isa = XCBuildConfiguration;
			baseConfigurationReference = 8FC481D09A65B78F51221E78 /* Pods-PlistManagerTutorial.release.xcconfig */;
			buildSettings = {
				ASSETCATALOG_COMPILER_APPICON_NAME = AppIcon;
				DEVELOPMENT_TEAM = S3725VKX58;
				INFOPLIST_FILE = PlistManagerTutorial/Info.plist;
				LD_RUNPATH_SEARCH_PATHS = "$(inherited) @executable_path/Frameworks";
				PRODUCT_BUNDLE_IDENTIFIER = co.ios.PlistManagerTutorial;
				PRODUCT_NAME = "$(TARGET_NAME)";
				SWIFT_VERSION = 3.0;
			};
			name = Release;
		};
		0FCAFD051EB3942600FDCC64 /* Debug */ = {
			isa = XCBuildConfiguration;
			buildSettings = {
				ALWAYS_EMBED_SWIFT_STANDARD_LIBRARIES = YES;
				BUNDLE_LOADER = "$(TEST_HOST)";
				DEVELOPMENT_TEAM = EHS7PH589P;
				INFOPLIST_FILE = PlistManagerTutorialTests/Info.plist;
				LD_RUNPATH_SEARCH_PATHS = "$(inherited) @executable_path/Frameworks @loader_path/Frameworks";
				PRODUCT_BUNDLE_IDENTIFIER = co.ios.PlistManagerTutorialTests;
				PRODUCT_NAME = "$(TARGET_NAME)";
				SWIFT_VERSION = 3.0;
				TEST_HOST = "$(BUILT_PRODUCTS_DIR)/PlistManagerTutorial.app/PlistManagerTutorial";
			};
			name = Debug;
		};
		0FCAFD061EB3942600FDCC64 /* Release */ = {
			isa = XCBuildConfiguration;
			buildSettings = {
				ALWAYS_EMBED_SWIFT_STANDARD_LIBRARIES = YES;
				BUNDLE_LOADER = "$(TEST_HOST)";
				DEVELOPMENT_TEAM = EHS7PH589P;
				INFOPLIST_FILE = PlistManagerTutorialTests/Info.plist;
				LD_RUNPATH_SEARCH_PATHS = "$(inherited) @executable_path/Frameworks @loader_path/Frameworks";
				PRODUCT_BUNDLE_IDENTIFIER = co.ios.PlistManagerTutorialTests;
				PRODUCT_NAME = "$(TARGET_NAME)";
				SWIFT_VERSION = 3.0;
				TEST_HOST = "$(BUILT_PRODUCTS_DIR)/PlistManagerTutorial.app/PlistManagerTutorial";
			};
			name = Release;
		};
		0FCAFD081EB3942600FDCC64 /* Debug */ = {
			isa = XCBuildConfiguration;
			buildSettings = {
				ALWAYS_EMBED_SWIFT_STANDARD_LIBRARIES = YES;
				DEVELOPMENT_TEAM = EHS7PH589P;
				INFOPLIST_FILE = PlistManagerTutorialUITests/Info.plist;
				LD_RUNPATH_SEARCH_PATHS = "$(inherited) @executable_path/Frameworks @loader_path/Frameworks";
				PRODUCT_BUNDLE_IDENTIFIER = co.ios.PlistManagerTutorialUITests;
				PRODUCT_NAME = "$(TARGET_NAME)";
				SWIFT_VERSION = 3.0;
				TEST_TARGET_NAME = PlistManagerTutorial;
			};
			name = Debug;
		};
		0FCAFD091EB3942600FDCC64 /* Release */ = {
			isa = XCBuildConfiguration;
			buildSettings = {
				ALWAYS_EMBED_SWIFT_STANDARD_LIBRARIES = YES;
				DEVELOPMENT_TEAM = EHS7PH589P;
				INFOPLIST_FILE = PlistManagerTutorialUITests/Info.plist;
				LD_RUNPATH_SEARCH_PATHS = "$(inherited) @executable_path/Frameworks @loader_path/Frameworks";
				PRODUCT_BUNDLE_IDENTIFIER = co.ios.PlistManagerTutorialUITests;
				PRODUCT_NAME = "$(TARGET_NAME)";
				SWIFT_VERSION = 3.0;
				TEST_TARGET_NAME = PlistManagerTutorial;
			};
			name = Release;
		};
/* End XCBuildConfiguration section */

/* Begin XCConfigurationList section */
		0FCAFCD41EB3942600FDCC64 /* Build configuration list for PBXProject "PlistManagerTutorial" */ = {
			isa = XCConfigurationList;
			buildConfigurations = (
				0FCAFCFF1EB3942600FDCC64 /* Debug */,
				0FCAFD001EB3942600FDCC64 /* Release */,
			);
			defaultConfigurationIsVisible = 0;
			defaultConfigurationName = Release;
		};
		0FCAFD011EB3942600FDCC64 /* Build configuration list for PBXNativeTarget "PlistManagerTutorial" */ = {
			isa = XCConfigurationList;
			buildConfigurations = (
				0FCAFD021EB3942600FDCC64 /* Debug */,
				0FCAFD031EB3942600FDCC64 /* Release */,
			);
			defaultConfigurationIsVisible = 0;
			defaultConfigurationName = Release;
		};
		0FCAFD041EB3942600FDCC64 /* Build configuration list for PBXNativeTarget "PlistManagerTutorialTests" */ = {
			isa = XCConfigurationList;
			buildConfigurations = (
				0FCAFD051EB3942600FDCC64 /* Debug */,
				0FCAFD061EB3942600FDCC64 /* Release */,
			);
			defaultConfigurationIsVisible = 0;
			defaultConfigurationName = Release;
		};
		0FCAFD071EB3942600FDCC64 /* Build configuration list for PBXNativeTarget "PlistManagerTutorialUITests" */ = {
			isa = XCConfigurationList;
			buildConfigurations = (
				0FCAFD081EB3942600FDCC64 /* Debug */,
				0FCAFD091EB3942600FDCC64 /* Release */,
			);
			defaultConfigurationIsVisible = 0;
			defaultConfigurationName = Release;
		};
/* End XCConfigurationList section */
	};
	rootObject = 0FCAFCD11EB3942600FDCC64 /* Project object */;
}
